
Microsoft Visual Studio Solution File, Format Version 12.00
# Visual Studio Version 17
VisualStudioVersion = 17.14.36414.22 d17.14
MinimumVisualStudioVersion = 10.0.40219.1
Project("{FAE04EC0-301F-11D3-BF4B-00C04F79EFBC}") = "mauro-movies-mvc", "mauro-movies-mvc\mauro-movies-mvc.csproj", "{A51B3A97-6621-48F0-9392-41E52C9544D4}"
EndProject
Global
	GlobalSection(SolutionConfigurationPlatforms) = preSolution
		Debug|Any CPU = Debug|Any CPU
		Release|Any CPU = Release|Any CPU
	EndGlobalSection
	GlobalSection(ProjectConfigurationPlatforms) = postSolution
		{A51B3A97-6621-48F0-9392-41E52C9544D4}.Debug|Any CPU.ActiveCfg = Debug|Any CPU
		{A51B3A97-6621-48F0-9392-41E52C9544D4}.Debug|Any CPU.Build.0 = Debug|Any CPU
		{A51B3A97-6621-48F0-9392-41E52C9544D4}.Release|Any CPU.ActiveCfg = Release|Any CPU
		{A51B3A97-6621-48F0-9392-41E52C9544D4}.Release|Any CPU.Build.0 = Release|Any CPU
	EndGlobalSection
	GlobalSection(SolutionProperties) = preSolution
		HideSolutionNode = FALSE
	EndGlobalSection
	GlobalSection(ExtensibilityGlobals) = postSolution
		SolutionGuid = {CCC50336-0EB4-4309-9801-3708B8383F72}
	EndGlobalSection
EndGlobal
